// !$*UTF8*$!
{
	archiveVersion = 1;
	classes = {
	};
	objectVersion = 46;
	objects = {

/* Begin PBXBuildFile section */
		1FD11D6019A5C3510000E268 /* main.m in Sources */ = {isa = PBXBuildFile; fileRef = 1FD11D5F19A5C3510000E268 /* main.m */; };
		1FD11D6319A5C3510000E268 /* AppDelegate.m in Sources */ = {isa = PBXBuildFile; fileRef = 1FD11D6219A5C3510000E268 /* AppDelegate.m */; };
		1FD11D6619A5C3510000E268 /* MasterViewController.m in Sources */ = {isa = PBXBuildFile; fileRef = 1FD11D6519A5C3510000E268 /* MasterViewController.m */; };
		1FD11D6919A5C3510000E268 /* DetailViewController.m in Sources */ = {isa = PBXBuildFile; fileRef = 1FD11D6819A5C3510000E268 /* DetailViewController.m */; };
		1FD11D6C19A5C3510000E268 /* Main.storyboard in Resources */ = {isa = PBXBuildFile; fileRef = 1FD11D6A19A5C3510000E268 /* Main.storyboard */; };
		1FD11D6E19A5C3510000E268 /* Images.xcassets in Resources */ = {isa = PBXBuildFile; fileRef = 1FD11D6D19A5C3510000E268 /* Images.xcassets */; };
		1FD11D7A19A5C3510000E268 /* week7Tests.m in Sources */ = {isa = PBXBuildFile; fileRef = 1FD11D7919A5C3510000E268 /* week7Tests.m */; };
/* End PBXBuildFile section */

/* Begin PBXContainerItemProxy section */
		1FD11D7419A5C3510000E268 /* PBXContainerItemProxy */ = {
			isa = PBXContainerItemProxy;
			containerPortal = 1FD11D5219A5C3510000E268 /* Project object */;
			proxyType = 1;
			remoteGlobalIDString = 1FD11D5919A5C3510000E268;
			remoteInfo = week7;
		};
/* End PBXContainerItemProxy section */

/* Begin PBXFileReference section */
		1FD11D5A19A5C3510000E268 /* week7.app */ = {isa = PBXFileReference; explicitFileType = wrapper.application; includeInIndex = 0; path = week7.app; sourceTree = BUILT_PRODUCTS_DIR; };
		1FD11D5E19A5C3510000E268 /* Info.plist */ = {isa = PBXFileReference; lastKnownFileType = text.plist.xml; path = Info.plist; sourceTree = "<group>"; };
		1FD11D5F19A5C3510000E268 /* main.m */ = {isa = PBXFileReference; lastKnownFileType = sourcecode.c.objc; path = main.m; sourceTree = "<group>"; };
		1FD11D6119A5C3510000E268 /* AppDelegate.h */ = {isa = PBXFileReference; lastKnownFileType = sourcecode.c.h; path = AppDelegate.h; sourceTree = "<group>"; };
		1FD11D6219A5C3510000E268 /* AppDelegate.m */ = {isa = PBXFileReference; lastKnownFileType = sourcecode.c.objc; path = AppDelegate.m; sourceTree = "<group>"; };
		1FD11D6419A5C3510000E268 /* MasterViewController.h */ = {isa = PBXFileReference; lastKnownFileType = sourcecode.c.h; path = MasterViewController.h; sourceTree = "<group>"; };
		1FD11D6519A5C3510000E268 /* MasterViewController.m */ = {isa = PBXFileReference; lastKnownFileType = sourcecode.c.objc; path = MasterViewController.m; sourceTree = "<group>"; };
		1FD11D6719A5C3510000E268 /* DetailViewController.h */ = {isa = PBXFileReference; lastKnownFileType = sourcecode.c.h; path = DetailViewController.h; sourceTree = "<group>"; };
		1FD11D6819A5C3510000E268 /* DetailViewController.m */ = {isa = PBXFileReference; lastKnownFileType = sourcecode.c.objc; path = DetailViewController.m; sourceTree = "<group>"; };
		1FD11D6B19A5C3510000E268 /* Base */ = {isa = PBXFileReference; lastKnownFileType = file.storyboard; name = Base; path = Base.lproj/Main.storyboard; sourceTree = "<group>"; };
		1FD11D6D19A5C3510000E268 /* Images.xcassets */ = {isa = PBXFileReference; lastKnownFileType = folder.assetcatalog; path = Images.xcassets; sourceTree = "<group>"; };
		1FD11D7319A5C3510000E268 /* week7Tests.xctest */ = {isa = PBXFileReference; explicitFileType = wrapper.cfbundle; includeInIndex = 0; path = week7Tests.xctest; sourceTree = BUILT_PRODUCTS_DIR; };
		1FD11D7819A5C3510000E268 /* Info.plist */ = {isa = PBXFileReference; lastKnownFileType = text.plist.xml; path = Info.plist; sourceTree = "<group>"; };
		1FD11D7919A5C3510000E268 /* week7Tests.m */ = {isa = PBXFileReference; lastKnownFileType = sourcecode.c.objc; path = week7Tests.m; sourceTree = "<group>"; };
/* End PBXFileReference section */

/* Begin PBXFrameworksBuildPhase section */
		1FD11D5719A5C3510000E268 /* Frameworks */ = {
			isa = PBXFrameworksBuildPhase;
			buildActionMask = 2147483647;
			files = (
			);
			runOnlyForDeploymentPostprocessing = 0;
		};
		1FD11D7019A5C3510000E268 /* Frameworks */ = {
			isa = PBXFrameworksBuildPhase;
			buildActionMask = 2147483647;
			files = (
			);
			runOnlyForDeploymentPostprocessing = 0;
		};
/* End PBXFrameworksBuildPhase section */

/* Begin PBXGroup section */
		1FD11D5119A5C3510000E268 = {
			isa = PBXGroup;
			children = (
				1FD11D5C19A5C3510000E268 /* week7 */,
				1FD11D7619A5C3510000E268 /* week7Tests */,
				1FD11D5B19A5C3510000E268 /* Products */,
			);
			sourceTree = "<group>";
		};
		1FD11D5B19A5C3510000E268 /* Products */ = {
			isa = PBXGroup;
			children = (
				1FD11D5A19A5C3510000E268 /* week7.app */,
				1FD11D7319A5C3510000E268 /* week7Tests.xctest */,
			);
			name = Products;
			sourceTree = "<group>";
		};
		1FD11D5C19A5C3510000E268 /* week7 */ = {
			isa = PBXGroup;
			children = (
				1FD11D6119A5C3510000E268 /* AppDelegate.h */,
				1FD11D6219A5C3510000E268 /* AppDelegate.m */,
				1FD11D6419A5C3510000E268 /* MasterViewController.h */,
				1FD11D6519A5C3510000E268 /* MasterViewController.m */,
				1FD11D6719A5C3510000E268 /* DetailViewController.h */,
				1FD11D6819A5C3510000E268 /* DetailViewController.m */,
				1FD11D6A19A5C3510000E268 /* Main.storyboard */,
				1FD11D6D19A5C3510000E268 /* Images.xcassets */,
				1FD11D5D19A5C3510000E268 /* Supporting Files */,
			);
			path = week7;
			sourceTree = "<group>";
		};
		1FD11D5D19A5C3510000E268 /* Supporting Files */ = {
			isa = PBXGroup;
			children = (
				1FD11D5E19A5C3510000E268 /* Info.plist */,
				1FD11D5F19A5C3510000E268 /* main.m */,
			);
			name = "Supporting Files";
			sourceTree = "<group>";
		};
		1FD11D7619A5C3510000E268 /* week7Tests */ = {
			isa = PBXGroup;
			children = (
				1FD11D7919A5C3510000E268 /* week7Tests.m */,
				1FD11D7719A5C3510000E268 /* Supporting Files */,
			);
			path = week7Tests;
			sourceTree = "<group>";
		};
		1FD11D7719A5C3510000E268 /* Supporting Files */ = {
			isa = PBXGroup;
			children = (
				1FD11D7819A5C3510000E268 /* Info.plist */,
			);
			name = "Supporting Files";
			sourceTree = "<group>";
		};
/* End PBXGroup section */

/* Begin PBXNativeTarget section */
		1FD11D5919A5C3510000E268 /* week7 */ = {
			isa = PBXNativeTarget;
			buildConfigurationList = 1FD11D7D19A5C3510000E268 /* Build configuration list for PBXNativeTarget "week7" */;
			buildPhases = (
				1FD11D5619A5C3510000E268 /* Sources */,
				1FD11D5719A5C3510000E268 /* Frameworks */,
				1FD11D5819A5C3510000E268 /* Resources */,
			);
			buildRules = (
			);
			dependencies = (
			);
			name = week7;
			productName = week7;
			productReference = 1FD11D5A19A5C3510000E268 /* week7.app */;
			productType = "com.apple.product-type.application";
		};
		1FD11D7219A5C3510000E268 /* week7Tests */ = {
			isa = PBXNativeTarget;
			buildConfigurationList = 1FD11D8019A5C3510000E268 /* Build configuration list for PBXNativeTarget "week7Tests" */;
			buildPhases = (
				1FD11D6F19A5C3510000E268 /* Sources */,
				1FD11D7019A5C3510000E268 /* Frameworks */,
				1FD11D7119A5C3510000E268 /* Resources */,
			);
			buildRules = (
			);
			dependencies = (
				1FD11D7519A5C3510000E268 /* PBXTargetDependency */,
			);
			name = week7Tests;
			productName = week7Tests;
			productReference = 1FD11D7319A5C3510000E268 /* week7Tests.xctest */;
			productType = "com.apple.product-type.bundle.unit-test";
		};
/* End PBXNativeTarget section */

/* Begin PBXProject section */
		1FD11D5219A5C3510000E268 /* Project object */ = {
			isa = PBXProject;
			attributes = {
				LastUpgradeCheck = 0600;
				ORGANIZATIONNAME = EntusApps;
				TargetAttributes = {
					1FD11D5919A5C3510000E268 = {
						CreatedOnToolsVersion = 6.0;
					};
					1FD11D7219A5C3510000E268 = {
						CreatedOnToolsVersion = 6.0;
						TestTargetID = 1FD11D5919A5C3510000E268;
					};
				};
			};
			buildConfigurationList = 1FD11D5519A5C3510000E268 /* Build configuration list for PBXProject "week7" */;
			compatibilityVersion = "Xcode 3.2";
			developmentRegion = English;
			hasScannedForEncodings = 0;
			knownRegions = (
				en,
				Base,
			);
			mainGroup = 1FD11D5119A5C3510000E268;
			productRefGroup = 1FD11D5B19A5C3510000E268 /* Products */;
			projectDirPath = "";
			projectRoot = "";
			targets = (
				1FD11D5919A5C3510000E268 /* week7 */,
				1FD11D7219A5C3510000E268 /* week7Tests */,
			);
		};
/* End PBXProject section */

/* Begin PBXResourcesBuildPhase section */
		1FD11D5819A5C3510000E268 /* Resources */ = {
			isa = PBXResourcesBuildPhase;
			buildActionMask = 2147483647;
			files = (
				1FD11D6C19A5C3510000E268 /* Main.storyboard in Resources */,
				1FD11D6E19A5C3510000E268 /* Images.xcassets in Resources */,
			);
			runOnlyForDeploymentPostprocessing = 0;
		};
		1FD11D7119A5C3510000E268 /* Resources */ = {
			isa = PBXResourcesBuildPhase;
			buildActionMask = 2147483647;
			files = (
			);
			runOnlyForDeploymentPostprocessing = 0;
		};
/* End PBXResourcesBuildPhase section */

/* Begin PBXSourcesBuildPhase section */
		1FD11D5619A5C3510000E268 /* Sources */ = {
			isa = PBXSourcesBuildPhase;
			buildActionMask = 2147483647;
			files = (
				1FD11D6319A5C3510000E268 /* AppDelegate.m in Sources */,
				1FD11D6619A5C3510000E268 /* MasterViewController.m in Sources */,
				1FD11D6019A5C3510000E268 /* main.m in Sources */,
				1FD11D6919A5C3510000E268 /* DetailViewController.m in Sources */,
			);
			runOnlyForDeploymentPostprocessing = 0;
		};
		1FD11D6F19A5C3510000E268 /* Sources */ = {
			isa = PBXSourcesBuildPhase;
			buildActionMask = 2147483647;
			files = (
				1FD11D7A19A5C3510000E268 /* week7Tests.m in Sources */,
			);
			runOnlyForDeploymentPostprocessing = 0;
		};
/* End PBXSourcesBuildPhase section */

/* Begin PBXTargetDependency section */
		1FD11D7519A5C3510000E268 /* PBXTargetDependency */ = {
			isa = PBXTargetDependency;
			target = 1FD11D5919A5C3510000E268 /* week7 */;
			targetProxy = 1FD11D7419A5C3510000E268 /* PBXContainerItemProxy */;
		};
/* End PBXTargetDependency section */

/* Begin PBXVariantGroup section */
		1FD11D6A19A5C3510000E268 /* Main.storyboard */ = {
			isa = PBXVariantGroup;
			children = (
				1FD11D6B19A5C3510000E268 /* Base */,
			);
			name = Main.storyboard;
			sourceTree = "<group>";
		};
/* End PBXVariantGroup section */

/* Begin XCBuildConfiguration section */
		1FD11D7B19A5C3510000E268 /* Debug */ = {
			isa = XCBuildConfiguration;
			buildSettings = {
				ALWAYS_SEARCH_USER_PATHS = NO;
				CLANG_CXX_LANGUAGE_STANDARD = "gnu++0x";
				CLANG_CXX_LIBRARY = "libc++";
				CLANG_ENABLE_MODULES = YES;
				CLANG_ENABLE_OBJC_ARC = YES;
				CLANG_WARN_BOOL_CONVERSION = YES;
				CLANG_WARN_CONSTANT_CONVERSION = YES;
				CLANG_WARN_DIRECT_OBJC_ISA_USAGE = YES_ERROR;
				CLANG_WARN_EMPTY_BODY = YES;
				CLANG_WARN_ENUM_CONVERSION = YES;
				CLANG_WARN_INT_CONVERSION = YES;
				CLANG_WARN_OBJC_ROOT_CLASS = YES_ERROR;
				CLANG_WARN_UNREACHABLE_CODE = YES;
				CLANG_WARN__DUPLICATE_METHOD_MATCH = YES;
				"CODE_SIGN_IDENTITY[sdk=iphoneos*]" = "iPhone Developer";
				COPY_PHASE_STRIP = NO;
				ENABLE_STRICT_OBJC_MSGSEND = YES;
				GCC_C_LANGUAGE_STANDARD = gnu99;
				GCC_DYNAMIC_NO_PIC = NO;
				GCC_OPTIMIZATION_LEVEL = 0;
				GCC_PREPROCESSOR_DEFINITIONS = (
					"DEBUG=1",
					"$(inherited)",
				);
				GCC_SYMBOLS_PRIVATE_EXTERN = NO;
				GCC_WARN_64_TO_32_BIT_CONVERSION = YES;
				GCC_WARN_ABOUT_RETURN_TYPE = YES_ERROR;
				GCC_WARN_UNDECLARED_SELECTOR = YES;
				GCC_WARN_UNINITIALIZED_AUTOS = YES_AGGRESSIVE;
				GCC_WARN_UNUSED_FUNCTION = YES;
				GCC_WARN_UNUSED_VARIABLE = YES;
				IPHONEOS_DEPLOYMENT_TARGET = 8.0;
				METAL_ENABLE_DEBUG_INFO = YES;
				ONLY_ACTIVE_ARCH = YES;
				SDKROOT = iphoneos;
			};
			name = Debug;
		};
		1FD11D7C19A5C3510000E268 /* Release */ = {
			isa = XCBuildConfiguration;
			buildSettings = {
				ALWAYS_SEARCH_USER_PATHS = NO;
				CLANG_CXX_LANGUAGE_STANDARD = "gnu++0x";
				CLANG_CXX_LIBRARY = "libc++";
				CLANG_ENABLE_MODULES = YES;
				CLANG_ENABLE_OBJC_ARC = YES;
				CLANG_WARN_BOOL_CONVERSION = YES;
				CLANG_WARN_CONSTANT_CONVERSION = YES;
				CLANG_WARN_DIRECT_OBJC_ISA_USAGE = YES_ERROR;
				CLANG_WARN_EMPTY_BODY = YES;
				CLANG_WARN_ENUM_CONVERSION = YES;
				CLANG_WARN_INT_CONVERSION = YES;
				CLANG_WARN_OBJC_ROOT_CLASS = YES_ERROR;
				CLANG_WARN_UNREACHABLE_CODE = YES;
				CLANG_WARN__DUPLICATE_METHOD_MATCH = YES;
				"CODE_SIGN_IDENTITY[sdk=iphoneos*]" = "iPhone Developer";
				COPY_PHASE_STRIP = YES;
				ENABLE_NS_ASSERTIONS = NO;
				ENABLE_STRICT_OBJC_MSGSEND = YES;
				GCC_C_LANGUAGE_STANDARD = gnu99;
				GCC_WARN_64_TO_32_BIT_CONVERSION = YES;
				GCC_WARN_ABOUT_RETURN_TYPE = YES_ERROR;
				GCC_WARN_UNDECLARED_SELECTOR = YES;
				GCC_WARN_UNINITIALIZED_AUTOS = YES_AGGRESSIVE;
				GCC_WARN_UNUSED_FUNCTION = YES;
				GCC_WARN_UNUSED_VARIABLE = YES;
				IPHONEOS_DEPLOYMENT_TARGET = 8.0;
				METAL_ENABLE_DEBUG_INFO = NO;
				SDKROOT = iphoneos;
				VALIDATE_PRODUCT = YES;
			};
			name = Release;
		};
		1FD11D7E19A5C3510000E268 /* Debug */ = {
			isa = XCBuildConfiguration;
			buildSettings = {
				ASSETCATALOG_COMPILER_APPICON_NAME = AppIcon;
				ASSETCATALOG_COMPILER_LAUNCHIMAGE_NAME = LaunchImage;
				INFOPLIST_FILE = week7/Info.plist;
				LD_RUNPATH_SEARCH_PATHS = "$(inherited) @executable_path/Frameworks";
				PRODUCT_NAME = "$(TARGET_NAME)";
			};
			name = Debug;
		};
		1FD11D7F19A5C3510000E268 /* Release */ = {
			isa = XCBuildConfiguration;
			buildSettings = {
				ASSETCATALOG_COMPILER_APPICON_NAME = AppIcon;
				ASSETCATALOG_COMPILER_LAUNCHIMAGE_NAME = LaunchImage;
				INFOPLIST_FILE = week7/Info.plist;
				LD_RUNPATH_SEARCH_PATHS = "$(inherited) @executable_path/Frameworks";
				PRODUCT_NAME = "$(TARGET_NAME)";
			};
			name = Release;
		};
		1FD11D8119A5C3510000E268 /* Debug */ = {
			isa = XCBuildConfiguration;
			buildSettings = {
				BUNDLE_LOADER = "$(BUILT_PRODUCTS_DIR)/week7.app/week7";
				FRAMEWORK_SEARCH_PATHS = (
					"$(SDKROOT)/Developer/Library/Frameworks",
					"$(inherited)",
				);
				GCC_PREPROCESSOR_DEFINITIONS = (
					"DEBUG=1",
					"$(inherited)",
				);
				INFOPLIST_FILE = week7Tests/Info.plist;
				LD_RUNPATH_SEARCH_PATHS = "$(inherited) @executable_path/Frameworks @loader_path/Frameworks";
				METAL_ENABLE_DEBUG_INFO = YES;
				PRODUCT_NAME = "$(TARGET_NAME)";
				TEST_HOST = "$(BUNDLE_LOADER)";
			};
			name = Debug;
		};
		1FD11D8219A5C3510000E268 /* Release */ = {
			isa = XCBuildConfiguration;
			buildSettings = {
				BUNDLE_LOADER = "$(BUILT_PRODUCTS_DIR)/week7.app/week7";
				FRAMEWORK_SEARCH_PATHS = (
					"$(SDKROOT)/Developer/Library/Frameworks",
					"$(inherited)",
				);
				INFOPLIST_FILE = week7Tests/Info.plist;
				LD_RUNPATH_SEARCH_PATHS = "$(inherited) @executable_path/Frameworks @loader_path/Frameworks";
				METAL_ENABLE_DEBUG_INFO = NO;
				PRODUCT_NAME = "$(TARGET_NAME)";
				TEST_HOST = "$(BUNDLE_LOADER)";
			};
			name = Release;
		};
/* End XCBuildConfiguration section */

/* Begin XCConfigurationList section */
		1FD11D5519A5C3510000E268 /* Build configuration list for PBXProject "week7" */ = {
			isa = XCConfigurationList;
			buildConfigurations = (
				1FD11D7B19A5C3510000E268 /* Debug */,
				1FD11D7C19A5C3510000E268 /* Release */,
			);
			defaultConfigurationIsVisible = 0;
			defaultConfigurationName = Release;
		};
		1FD11D7D19A5C3510000E268 /* Build configuration list for PBXNativeTarget "week7" */ = {
			isa = XCConfigurationList;
			buildConfigurations = (
				1FD11D7E19A5C3510000E268 /* Debug */,
				1FD11D7F19A5C3510000E268 /* Release */,
			);
			defaultConfigurationIsVisible = 0;
		};
		1FD11D8019A5C3510000E268 /* Build configuration list for PBXNativeTarget "week7Tests" */ = {
			isa = XCConfigurationList;
			buildConfigurations = (
				1FD11D8119A5C3510000E268 /* Debug */,
				1FD11D8219A5C3510000E268 /* Release */,
			);
			defaultConfigurationIsVisible = 0;
		};
/* End XCConfigurationList section */
	};
	rootObject = 1FD11D5219A5C3510000E268 /* Project object */;
}
